
Microsoft Visual Studio Solution File, Format Version 12.00
# Visual Studio Version 17
VisualStudioVersion = 17.5.33414.496
MinimumVisualStudioVersion = 10.0.40219.1
Project("{FAE04EC0-301F-11D3-BF4B-00C04F79EFBC}") = "Atvdd-Exercicio-Lista", "Atvdd-Exercicio-Lista\Atvdd-Exercicio-Lista.csproj", "{9F230106-ADCB-4AF3-B6CB-F1E374E4EA09}"
EndProject
Global
	GlobalSection(SolutionConfigurationPlatforms) = preSolution
		Debug|Any CPU = Debug|Any CPU
		Release|Any CPU = Release|Any CPU
	EndGlobalSection
	GlobalSection(ProjectConfigurationPlatforms) = postSolution
		{9F230106-ADCB-4AF3-B6CB-F1E374E4EA09}.Debug|Any CPU.ActiveCfg = Debug|Any CPU
		{9F230106-ADCB-4AF3-B6CB-F1E374E4EA09}.Debug|Any CPU.Build.0 = Debug|Any CPU
		{9F230106-ADCB-4AF3-B6CB-F1E374E4EA09}.Release|Any CPU.ActiveCfg = Release|Any CPU
		{9F230106-ADCB-4AF3-B6CB-F1E374E4EA09}.Release|Any CPU.Build.0 = Release|Any CPU
	EndGlobalSection
	GlobalSection(SolutionProperties) = preSolution
		HideSolutionNode = FALSE
	EndGlobalSection
	GlobalSection(ExtensibilityGlobals) = postSolution
		SolutionGuid = {805098DD-B16E-4834-BB27-9C6DB0BFD687}
	EndGlobalSection
EndGlobal
